<?xml version="1.0" encoding="utf-8"?>
<Project ToolsVersion="4.0" xmlns="http://schemas.microsoft.com/developer/msbuild/2003">
  <ItemGroup>
    <Filter Include="Engine">
      <UniqueIdentifier>{533393bf-40a6-41c2-8008-20894f7e170c}</UniqueIdentifier>
    </Filter>
    <Filter Include="Default">
      <UniqueIdentifier>{873e5b6a-8d3b-4ab4-baf5-db29caf67cfb}</UniqueIdentifier>
    </Filter>
    <Filter Include="Default\리소스 파일">
      <UniqueIdentifier>{67DA6AB6-F800-4c08-8B7A-83BB121AAD01}</UniqueIdentifier>
      <Extensions>rc;ico;cur;bmp;dlg;rc2;rct;bin;rgs;gif;jpg;jpeg;jpe;resx;tiff;tif;png;wav;mfcribbon-ms</Extensions>
    </Filter>
    <Filter Include="Engine\2_Core">
      <UniqueIdentifier>{0082958e-a684-4718-b9cc-2c8dafd34d8c}</UniqueIdentifier>
    </Filter>
    <Filter Include="Engine\1_Header">
      <UniqueIdentifier>{542b2748-deb3-4a05-84f0-b4182be7b923}</UniqueIdentifier>
    </Filter>
    <Filter Include="Engine\3_Manager">
      <UniqueIdentifier>{c97b00f3-c073-434c-a667-5a3953e99add}</UniqueIdentifier>
    </Filter>
    <Filter Include="Engine\3_Manager\KeyMgr">
      <UniqueIdentifier>{9451103a-0b3e-40a1-91aa-3e926b2c3286}</UniqueIdentifier>
    </Filter>
    <Filter Include="Engine\4_Object">
      <UniqueIdentifier>{aeebe0a5-1ef3-413f-8f18-36b579ce4ce1}</UniqueIdentifier>
    </Filter>
    <Filter Include="Engine\3_Manager\TimeMgr">
      <UniqueIdentifier>{32ab54c5-f4da-491f-8d5c-db24e4a95249}</UniqueIdentifier>
    </Filter>
    <Filter Include="Engine\5_Scene">
      <UniqueIdentifier>{213f526f-14c2-4832-94f0-2539e33c31c3}</UniqueIdentifier>
    </Filter>
    <Filter Include="Engine\3_Manager\SceneMgr">
      <UniqueIdentifier>{ac6447f4-0fce-42d8-a71a-0ef6145c63ab}</UniqueIdentifier>
    </Filter>
    <Filter Include="Engine\5_Scene\Scene_Start">
      <UniqueIdentifier>{8214d622-9636-483b-9f32-dce6c11055ad}</UniqueIdentifier>
    </Filter>
    <Filter Include="Engine\5_Scene\Scene_Tool">
      <UniqueIdentifier>{fa269cdf-2fdd-4fa2-a211-9075b1e41a20}</UniqueIdentifier>
    </Filter>
  </ItemGroup>
  <ItemGroup>
    <ClInclude Include="CCore.h">
      <Filter>Engine\2_Core</Filter>
    </ClInclude>
    <ClInclude Include="Client.h">
      <Filter>Default</Filter>
    </ClInclude>
    <ClInclude Include="framework.h">
      <Filter>Default</Filter>
    </ClInclude>
    <ClInclude Include="Resource.h">
      <Filter>Default</Filter>
    </ClInclude>
    <ClInclude Include="targetver.h">
      <Filter>Default</Filter>
    </ClInclude>
    <ClInclude Include="Define.h">
      <Filter>Engine\1_Header</Filter>
    </ClInclude>
    <ClInclude Include="CKeyMgr.h">
      <Filter>Engine\3_Manager\KeyMgr</Filter>
    </ClInclude>
    <ClInclude Include="pch.h" />
    <ClInclude Include="CObject.h">
      <Filter>Engine\4_Object</Filter>
    </ClInclude>
    <ClInclude Include="Struct.h">
      <Filter>Engine\1_Header</Filter>
    </ClInclude>
    <ClInclude Include="CTimeMgr.h">
      <Filter>Engine\3_Manager\TimeMgr</Filter>
    </ClInclude>
    <ClInclude Include="CScene.h">
      <Filter>Engine\5_Scene</Filter>
    </ClInclude>
    <ClInclude Include="CSceneMgr.h">
      <Filter>Engine\3_Manager\SceneMgr</Filter>
    </ClInclude>
    <ClInclude Include="CScene_Start.h">
      <Filter>Engine\5_Scene\Scene_Start</Filter>
    </ClInclude>
  </ItemGroup>
  <ItemGroup>
    <ResourceCompile Include="Client.rc">
      <Filter>Default\리소스 파일</Filter>
    </ResourceCompile>
  </ItemGroup>
  <ItemGroup>
    <Image Include="small.ico">
      <Filter>Default\리소스 파일</Filter>
    </Image>
    <Image Include="Client.ico">
      <Filter>Default\리소스 파일</Filter>
    </Image>
  </ItemGroup>
  <ItemGroup>
    <ClCompile Include="CCore.cpp">
      <Filter>Engine\2_Core</Filter>
    </ClCompile>
    <ClCompile Include="CKeyMgr.cpp">
      <Filter>Engine\3_Manager\KeyMgr</Filter>
    </ClCompile>
    <ClCompile Include="Client.cpp" />
    <ClCompile Include="CObject.cpp">
      <Filter>Engine\4_Object</Filter>
    </ClCompile>
    <ClCompile Include="CTimeMgr.cpp">
      <Filter>Engine\3_Manager\TimeMgr</Filter>
    </ClCompile>
    <ClCompile Include="CScene.cpp">
      <Filter>Engine\5_Scene</Filter>
    </ClCompile>
    <ClCompile Include="CSceneMgr.cpp">
      <Filter>Engine\3_Manager\SceneMgr</Filter>
    </ClCompile>
    <ClCompile Include="CScene_Start.cpp">
      <Filter>Engine\5_Scene\Scene_Start</Filter>
    </ClCompile>
  </ItemGroup>
</Project>