<?xml version="1.0" encoding="utf-8"?>
<Project ToolsVersion="4.0" xmlns="http://schemas.microsoft.com/developer/msbuild/2003">
  <ItemGroup>
    <Filter Include="Engine">
      <UniqueIdentifier>{533393bf-40a6-41c2-8008-20894f7e170c}</UniqueIdentifier>
    </Filter>
    <Filter Include="Default">
      <UniqueIdentifier>{873e5b6a-8d3b-4ab4-baf5-db29caf67cfb}</UniqueIdentifier>
    </Filter>
    <Filter Include="Default\리소스 파일">
      <UniqueIdentifier>{67DA6AB6-F800-4c08-8B7A-83BB121AAD01}</UniqueIdentifier>
      <Extensions>rc;ico;cur;bmp;dlg;rc2;rct;bin;rgs;gif;jpg;jpeg;jpe;resx;tiff;tif;png;wav;mfcribbon-ms</Extensions>
    </Filter>
    <Filter Include="Engine\2_Core">
      <UniqueIdentifier>{0082958e-a684-4718-b9cc-2c8dafd34d8c}</UniqueIdentifier>
    </Filter>
    <Filter Include="Engine\1_Header">
      <UniqueIdentifier>{542b2748-deb3-4a05-84f0-b4182be7b923}</UniqueIdentifier>
    </Filter>
    <Filter Include="Engine\3_Manager">
      <UniqueIdentifier>{c97b00f3-c073-434c-a667-5a3953e99add}</UniqueIdentifier>
    </Filter>
    <Filter Include="Engine\3_Manager\KeyMgr">
      <UniqueIdentifier>{9451103a-0b3e-40a1-91aa-3e926b2c3286}</UniqueIdentifier>
    </Filter>
    <Filter Include="Engine\4_Object">
      <UniqueIdentifier>{aeebe0a5-1ef3-413f-8f18-36b579ce4ce1}</UniqueIdentifier>
    </Filter>
    <Filter Include="Engine\3_Manager\TimeMgr">
      <UniqueIdentifier>{32ab54c5-f4da-491f-8d5c-db24e4a95249}</UniqueIdentifier>
    </Filter>
    <Filter Include="Engine\5_Scene">
      <UniqueIdentifier>{213f526f-14c2-4832-94f0-2539e33c31c3}</UniqueIdentifier>
    </Filter>
    <Filter Include="Engine\3_Manager\SceneMgr">
      <UniqueIdentifier>{ac6447f4-0fce-42d8-a71a-0ef6145c63ab}</UniqueIdentifier>
    </Filter>
    <Filter Include="Engine\5_Scene\Scene_Start">
      <UniqueIdentifier>{8214d622-9636-483b-9f32-dce6c11055ad}</UniqueIdentifier>
    </Filter>
    <Filter Include="Engine\5_Scene\Scene_Tool">
      <UniqueIdentifier>{fa269cdf-2fdd-4fa2-a211-9075b1e41a20}</UniqueIdentifier>
    </Filter>
    <Filter Include="Engine\4_Object\Player">
      <UniqueIdentifier>{44c3a74f-34b0-464a-9314-b791bb307e96}</UniqueIdentifier>
    </Filter>
    <Filter Include="Engine\4_Object\Monster">
      <UniqueIdentifier>{622ab041-d559-41b0-ba43-3b555de4642b}</UniqueIdentifier>
    </Filter>
    <Filter Include="Engine\4_Object\Missile">
      <UniqueIdentifier>{fe740c3b-c1b5-4dec-abfb-ba505e81b1ac}</UniqueIdentifier>
    </Filter>
    <Filter Include="Engine\6_Resource">
      <UniqueIdentifier>{9381507d-ffc8-442f-b5b6-d58341582590}</UniqueIdentifier>
    </Filter>
    <Filter Include="Engine\6_Resource\Texture">
      <UniqueIdentifier>{b81aacc6-e6c8-42e0-b022-85a5c0f4e410}</UniqueIdentifier>
    </Filter>
    <Filter Include="Engine\6_Resource\Sound">
      <UniqueIdentifier>{0ee1ea60-f52e-47ed-aaf5-00fc9d31b8b0}</UniqueIdentifier>
    </Filter>
    <Filter Include="Engine\3_Manager\PathMgr">
      <UniqueIdentifier>{9ff04409-4d2a-4bf0-929d-41b4623d107c}</UniqueIdentifier>
    </Filter>
    <Filter Include="Engine\3_Manager\ResMgr">
      <UniqueIdentifier>{579a376c-71db-46c1-b30b-d179c9d2c59f}</UniqueIdentifier>
    </Filter>
    <Filter Include="Engine\7_Component">
      <UniqueIdentifier>{dcd919eb-9b2e-409d-b005-8a7578730ca6}</UniqueIdentifier>
    </Filter>
    <Filter Include="Engine\8_Module">
      <UniqueIdentifier>{50dbfd26-557d-4bff-8169-86a0efe24812}</UniqueIdentifier>
    </Filter>
    <Filter Include="Engine\3_Manager\CollisionMgr">
      <UniqueIdentifier>{404f67f7-2e8e-4eb6-9825-a06456e48347}</UniqueIdentifier>
    </Filter>
    <Filter Include="Engine\3_Manager\EventMgr">
      <UniqueIdentifier>{b9cfb0a2-003e-4338-939a-bcc4b8539a4b}</UniqueIdentifier>
    </Filter>
    <Filter Include="Engine\7_Component\Collider">
      <UniqueIdentifier>{68aa4b38-e296-461c-acc4-da663d16a392}</UniqueIdentifier>
    </Filter>
    <Filter Include="Engine\7_Component\Animator">
      <UniqueIdentifier>{05942610-d15c-40d0-850a-6667f93ddae2}</UniqueIdentifier>
    </Filter>
    <Filter Include="Engine\7_Component\Animator\Animation">
      <UniqueIdentifier>{d13cb12c-050f-4270-8a18-2862a07d2f91}</UniqueIdentifier>
    </Filter>
    <Filter Include="Engine\3_Manager\Camera">
      <UniqueIdentifier>{006af8db-2693-484b-97cf-ad4447e93e26}</UniqueIdentifier>
    </Filter>
    <Filter Include="Engine\4_Object\Tile">
      <UniqueIdentifier>{418e078c-3fbf-4b16-88f1-cce95b2c16a3}</UniqueIdentifier>
    </Filter>
    <Filter Include="Engine\4_Object\UI">
      <UniqueIdentifier>{9d2873c2-9786-48a8-929e-23bc56404f27}</UniqueIdentifier>
    </Filter>
    <Filter Include="Engine\3_Manager\UIMgr">
      <UniqueIdentifier>{c861d0a6-ed16-43d7-bbc6-25d09060a8f2}</UniqueIdentifier>
    </Filter>
    <Filter Include="Engine\4_Object\UI\PanelUI">
      <UniqueIdentifier>{45e394a3-1396-4b25-9f3e-7ab9c2d838ff}</UniqueIdentifier>
    </Filter>
    <Filter Include="Engine\4_Object\UI\ButtonUI">
      <UniqueIdentifier>{4e4d4c19-f68a-4b13-a421-04a291310f45}</UniqueIdentifier>
    </Filter>
    <Filter Include="Engine\8_Module\AI">
      <UniqueIdentifier>{7df05a19-a5f9-49d7-bbe5-1c1870db931e}</UniqueIdentifier>
    </Filter>
    <Filter Include="Engine\8_Module\AI\State">
      <UniqueIdentifier>{6a4896a0-9c29-4d02-90b1-eb639a61ef3c}</UniqueIdentifier>
    </Filter>
    <Filter Include="Engine\8_Module\AI\State\Idle">
      <UniqueIdentifier>{42b97327-3865-4e6a-b7c7-be39e8072128}</UniqueIdentifier>
    </Filter>
    <Filter Include="Engine\8_Module\AI\State\Trace">
      <UniqueIdentifier>{2de2cea2-efc5-4431-ac15-ffafdb5b43f1}</UniqueIdentifier>
    </Filter>
    <Filter Include="Engine\8_Module\AI\State\Attack">
      <UniqueIdentifier>{d8514953-f3eb-476a-9941-2bc40515ecb8}</UniqueIdentifier>
    </Filter>
    <Filter Include="Engine\8_Module\AI\State\Dead">
      <UniqueIdentifier>{d3087db0-2568-4dc1-baa0-07b57fde71f0}</UniqueIdentifier>
    </Filter>
    <Filter Include="Engine\9_Factory">
      <UniqueIdentifier>{fa2ba279-3ff1-4d98-a587-3753de1541d5}</UniqueIdentifier>
    </Filter>
    <Filter Include="Engine\9_Factory\MonFactory">
      <UniqueIdentifier>{4af0380b-b108-4e2e-aae3-539d67db43b4}</UniqueIdentifier>
    </Filter>
    <Filter Include="Engine\7_Component\RigidBody">
      <UniqueIdentifier>{afadb64a-e5a9-4272-896c-5f9e68d6e34c}</UniqueIdentifier>
    </Filter>
  </ItemGroup>
  <ItemGroup>
    <ClInclude Include="CCore.h">
      <Filter>Engine\2_Core</Filter>
    </ClInclude>
    <ClInclude Include="Client.h">
      <Filter>Default</Filter>
    </ClInclude>
    <ClInclude Include="framework.h">
      <Filter>Default</Filter>
    </ClInclude>
    <ClInclude Include="Resource.h">
      <Filter>Default</Filter>
    </ClInclude>
    <ClInclude Include="targetver.h">
      <Filter>Default</Filter>
    </ClInclude>
    <ClInclude Include="Define.h">
      <Filter>Engine\1_Header</Filter>
    </ClInclude>
    <ClInclude Include="CKeyMgr.h">
      <Filter>Engine\3_Manager\KeyMgr</Filter>
    </ClInclude>
    <ClInclude Include="pch.h" />
    <ClInclude Include="CObject.h">
      <Filter>Engine\4_Object</Filter>
    </ClInclude>
    <ClInclude Include="Struct.h">
      <Filter>Engine\1_Header</Filter>
    </ClInclude>
    <ClInclude Include="CTimeMgr.h">
      <Filter>Engine\3_Manager\TimeMgr</Filter>
    </ClInclude>
    <ClInclude Include="CScene.h">
      <Filter>Engine\5_Scene</Filter>
    </ClInclude>
    <ClInclude Include="CSceneMgr.h">
      <Filter>Engine\3_Manager\SceneMgr</Filter>
    </ClInclude>
    <ClInclude Include="CScene_Start.h">
      <Filter>Engine\5_Scene\Scene_Start</Filter>
    </ClInclude>
    <ClInclude Include="CPlayer.h">
      <Filter>Engine\4_Object\Player</Filter>
    </ClInclude>
    <ClInclude Include="CMonster.h">
      <Filter>Engine\4_Object\Monster</Filter>
    </ClInclude>
    <ClInclude Include="CMissile.h">
      <Filter>Engine\4_Object\Missile</Filter>
    </ClInclude>
    <ClInclude Include="CRes.h">
      <Filter>Engine\6_Resource</Filter>
    </ClInclude>
    <ClInclude Include="CTexture.h">
      <Filter>Engine\6_Resource\Texture</Filter>
    </ClInclude>
    <ClInclude Include="CSound.h">
      <Filter>Engine\6_Resource\Sound</Filter>
    </ClInclude>
    <ClInclude Include="CPathMgr.h">
      <Filter>Engine\3_Manager\PathMgr</Filter>
    </ClInclude>
    <ClInclude Include="CResMgr.h">
      <Filter>Engine\3_Manager\ResMgr</Filter>
    </ClInclude>
    <ClInclude Include="SelectGDI.h">
      <Filter>Engine\8_Module</Filter>
    </ClInclude>
    <ClInclude Include="CCollisionMgr.h">
      <Filter>Engine\3_Manager\CollisionMgr</Filter>
    </ClInclude>
    <ClInclude Include="CEventMgr.h">
      <Filter>Engine\3_Manager\EventMgr</Filter>
    </ClInclude>
    <ClInclude Include="func.h">
      <Filter>Engine\1_Header</Filter>
    </ClInclude>
    <ClInclude Include="CScene_Tool.h">
      <Filter>Engine\5_Scene\Scene_Tool</Filter>
    </ClInclude>
    <ClInclude Include="CCollider.h">
      <Filter>Engine\7_Component\Collider</Filter>
    </ClInclude>
    <ClInclude Include="CAnimator.h">
      <Filter>Engine\7_Component\Animator</Filter>
    </ClInclude>
    <ClInclude Include="CAnimation.h">
      <Filter>Engine\7_Component\Animator\Animation</Filter>
    </ClInclude>
    <ClInclude Include="CCamera.h">
      <Filter>Engine\3_Manager\Camera</Filter>
    </ClInclude>
    <ClInclude Include="CTile.h">
      <Filter>Engine\4_Object\Tile</Filter>
    </ClInclude>
    <ClInclude Include="global.h">
      <Filter>Engine\1_Header</Filter>
    </ClInclude>
    <ClInclude Include="CUI.h">
      <Filter>Engine\4_Object\UI</Filter>
    </ClInclude>
    <ClInclude Include="CUIMgr.h">
      <Filter>Engine\3_Manager\UIMgr</Filter>
    </ClInclude>
    <ClInclude Include="CPanelUI.h">
      <Filter>Engine\4_Object\UI\PanelUI</Filter>
    </ClInclude>
    <ClInclude Include="CBtnUI.h">
      <Filter>Engine\4_Object\UI\ButtonUI</Filter>
    </ClInclude>
    <ClInclude Include="AI.h">
      <Filter>Engine\8_Module\AI</Filter>
    </ClInclude>
    <ClInclude Include="CState.h">
      <Filter>Engine\8_Module\AI\State</Filter>
    </ClInclude>
    <ClInclude Include="CIdleState.h">
      <Filter>Engine\8_Module\AI\State\Idle</Filter>
    </ClInclude>
    <ClInclude Include="CTraceState.h">
      <Filter>Engine\8_Module\AI\State\Trace</Filter>
    </ClInclude>
    <ClInclude Include="CMonFactory.h">
      <Filter>Engine\9_Factory\MonFactory</Filter>
    </ClInclude>
    <ClInclude Include="CRigidBody.h">
      <Filter>Engine\7_Component\RigidBody</Filter>
    </ClInclude>
  </ItemGroup>
  <ItemGroup>
    <ResourceCompile Include="Client.rc">
      <Filter>Default\리소스 파일</Filter>
    </ResourceCompile>
  </ItemGroup>
  <ItemGroup>
    <Image Include="small.ico">
      <Filter>Default\리소스 파일</Filter>
    </Image>
    <Image Include="Client.ico">
      <Filter>Default\리소스 파일</Filter>
    </Image>
  </ItemGroup>
  <ItemGroup>
    <ClCompile Include="CCore.cpp">
      <Filter>Engine\2_Core</Filter>
    </ClCompile>
    <ClCompile Include="CKeyMgr.cpp">
      <Filter>Engine\3_Manager\KeyMgr</Filter>
    </ClCompile>
    <ClCompile Include="Client.cpp" />
    <ClCompile Include="CObject.cpp">
      <Filter>Engine\4_Object</Filter>
    </ClCompile>
    <ClCompile Include="CTimeMgr.cpp">
      <Filter>Engine\3_Manager\TimeMgr</Filter>
    </ClCompile>
    <ClCompile Include="CScene.cpp">
      <Filter>Engine\5_Scene</Filter>
    </ClCompile>
    <ClCompile Include="CSceneMgr.cpp">
      <Filter>Engine\3_Manager\SceneMgr</Filter>
    </ClCompile>
    <ClCompile Include="CScene_Start.cpp">
      <Filter>Engine\5_Scene\Scene_Start</Filter>
    </ClCompile>
    <ClCompile Include="CPlayer.cpp">
      <Filter>Engine\4_Object\Player</Filter>
    </ClCompile>
    <ClCompile Include="CMonster.cpp">
      <Filter>Engine\4_Object\Monster</Filter>
    </ClCompile>
    <ClCompile Include="CMissile.cpp">
      <Filter>Engine\4_Object\Missile</Filter>
    </ClCompile>
    <ClCompile Include="CRes.cpp">
      <Filter>Engine\6_Resource</Filter>
    </ClCompile>
    <ClCompile Include="CTexture.cpp">
      <Filter>Engine\6_Resource\Texture</Filter>
    </ClCompile>
    <ClCompile Include="CSound.cpp">
      <Filter>Engine\6_Resource\Sound</Filter>
    </ClCompile>
    <ClCompile Include="CPathMgr.cpp">
      <Filter>Engine\3_Manager\PathMgr</Filter>
    </ClCompile>
    <ClCompile Include="CResMgr.cpp">
      <Filter>Engine\3_Manager\ResMgr</Filter>
    </ClCompile>
    <ClCompile Include="SelectGDI.cpp">
      <Filter>Engine\8_Module</Filter>
    </ClCompile>
    <ClCompile Include="CCollisionMgr.cpp">
      <Filter>Engine\3_Manager\CollisionMgr</Filter>
    </ClCompile>
    <ClCompile Include="CEventMgr.cpp">
      <Filter>Engine\3_Manager\EventMgr</Filter>
    </ClCompile>
    <ClCompile Include="func.cpp" />
    <ClCompile Include="CScene_Tool.cpp">
      <Filter>Engine\5_Scene\Scene_Tool</Filter>
    </ClCompile>
    <ClCompile Include="CCollider.cpp">
      <Filter>Engine\7_Component\Collider</Filter>
    </ClCompile>
    <ClCompile Include="CAnimator.cpp">
      <Filter>Engine\7_Component\Animator</Filter>
    </ClCompile>
    <ClCompile Include="CAnimation.cpp">
      <Filter>Engine\7_Component\Animator\Animation</Filter>
    </ClCompile>
    <ClCompile Include="CCamera.cpp">
      <Filter>Engine\3_Manager\Camera</Filter>
    </ClCompile>
    <ClCompile Include="CTile.cpp">
      <Filter>Engine\4_Object\Tile</Filter>
    </ClCompile>
    <ClCompile Include="CUI.cpp">
      <Filter>Engine\4_Object\UI</Filter>
    </ClCompile>
    <ClCompile Include="CUIMgr.cpp">
      <Filter>Engine\3_Manager\UIMgr</Filter>
    </ClCompile>
    <ClCompile Include="CPanelUI.cpp">
      <Filter>Engine\4_Object\UI\PanelUI</Filter>
    </ClCompile>
    <ClCompile Include="CBtnUI.cpp">
      <Filter>Engine\4_Object\UI\ButtonUI</Filter>
    </ClCompile>
    <ClCompile Include="AI.cpp">
      <Filter>Engine\8_Module\AI</Filter>
    </ClCompile>
    <ClCompile Include="CState.cpp">
      <Filter>Engine\8_Module\AI\State</Filter>
    </ClCompile>
    <ClCompile Include="CIdleState.cpp">
      <Filter>Engine\8_Module\AI\State\Idle</Filter>
    </ClCompile>
    <ClCompile Include="CTraceState.cpp">
      <Filter>Engine\8_Module\AI\State\Trace</Filter>
    </ClCompile>
    <ClCompile Include="CMonFactory.cpp">
      <Filter>Engine\9_Factory\MonFactory</Filter>
    </ClCompile>
    <ClCompile Include="CRigidBody.cpp">
      <Filter>Engine\7_Component\RigidBody</Filter>
    </ClCompile>
  </ItemGroup>
</Project>